
Microsoft Visual Studio Solution File, Format Version 12.00
# Visual Studio Version 16
VisualStudioVersion = 16.0.31613.86
MinimumVisualStudioVersion = 10.0.40219.1
Project("{6EC3EE1D-3C4E-46DD-8F32-0CC8E7565705}") = "6.11", "6.11\6.11.fsproj", "{7A0DE211-7D08-4032-9ED4-5B87A1E2D8D9}"
EndProject
Project("{6EC3EE1D-3C4E-46DD-8F32-0CC8E7565705}") = "6.12", "6.12\6.12.fsproj", "{46398119-1AE8-43AF-AFBD-731FCDE3A8AD}"
EndProject
Project("{6EC3EE1D-3C4E-46DD-8F32-0CC8E7565705}") = "6.13", "6.13\6.13.fsproj", "{F4557378-34BD-4A92-B628-B13ED4CAC436}"
EndProject
Project("{6EC3EE1D-3C4E-46DD-8F32-0CC8E7565705}") = "6.14", "6.14\6.14.fsproj", "{0855CB5A-B53A-467B-9B98-B480C4084938}"
EndProject
Project("{6EC3EE1D-3C4E-46DD-8F32-0CC8E7565705}") = "6.15", "6.15\6.15.fsproj", "{294FBB3F-82DE-44AE-855A-8C7AFDD84FFE}"
EndProject
Project("{6EC3EE1D-3C4E-46DD-8F32-0CC8E7565705}") = "6.17", "6.17\6.17.fsproj", "{8B5C7421-DCC6-49FF-BE6C-71F3F980F7F3}"
EndProject
Project("{6EC3EE1D-3C4E-46DD-8F32-0CC8E7565705}") = "6.19", "6.19\6.19.fsproj", "{65B207E7-3162-4310-95C3-832BAF25DE1C}"
EndProject
Project("{6EC3EE1D-3C4E-46DD-8F32-0CC8E7565705}") = "6.16", "6.16\6.16.fsproj", "{255642AF-FFAB-4339-93F1-E4FD9D7C918D}"
EndProject
Project("{F2A71F9B-5D33-465A-A702-920D77279786}") = "6.18", "6.18\6.18.fsproj", "{745BD626-69A0-4A89-96BB-AA863E89A769}"
EndProject
Global
	GlobalSection(SolutionConfigurationPlatforms) = preSolution
		Debug|Any CPU = Debug|Any CPU
		Release|Any CPU = Release|Any CPU
	EndGlobalSection
	GlobalSection(ProjectConfigurationPlatforms) = postSolution
		{7A0DE211-7D08-4032-9ED4-5B87A1E2D8D9}.Debug|Any CPU.ActiveCfg = Debug|Any CPU
		{7A0DE211-7D08-4032-9ED4-5B87A1E2D8D9}.Debug|Any CPU.Build.0 = Debug|Any CPU
		{7A0DE211-7D08-4032-9ED4-5B87A1E2D8D9}.Release|Any CPU.ActiveCfg = Release|Any CPU
		{7A0DE211-7D08-4032-9ED4-5B87A1E2D8D9}.Release|Any CPU.Build.0 = Release|Any CPU
		{46398119-1AE8-43AF-AFBD-731FCDE3A8AD}.Debug|Any CPU.ActiveCfg = Debug|Any CPU
		{46398119-1AE8-43AF-AFBD-731FCDE3A8AD}.Debug|Any CPU.Build.0 = Debug|Any CPU
		{46398119-1AE8-43AF-AFBD-731FCDE3A8AD}.Release|Any CPU.ActiveCfg = Release|Any CPU
		{46398119-1AE8-43AF-AFBD-731FCDE3A8AD}.Release|Any CPU.Build.0 = Release|Any CPU
		{F4557378-34BD-4A92-B628-B13ED4CAC436}.Debug|Any CPU.ActiveCfg = Debug|Any CPU
		{F4557378-34BD-4A92-B628-B13ED4CAC436}.Debug|Any CPU.Build.0 = Debug|Any CPU
		{F4557378-34BD-4A92-B628-B13ED4CAC436}.Release|Any CPU.ActiveCfg = Release|Any CPU
		{F4557378-34BD-4A92-B628-B13ED4CAC436}.Release|Any CPU.Build.0 = Release|Any CPU
		{0855CB5A-B53A-467B-9B98-B480C4084938}.Debug|Any CPU.ActiveCfg = Debug|Any CPU
		{0855CB5A-B53A-467B-9B98-B480C4084938}.Debug|Any CPU.Build.0 = Debug|Any CPU
		{0855CB5A-B53A-467B-9B98-B480C4084938}.Release|Any CPU.ActiveCfg = Release|Any CPU
		{0855CB5A-B53A-467B-9B98-B480C4084938}.Release|Any CPU.Build.0 = Release|Any CPU
		{294FBB3F-82DE-44AE-855A-8C7AFDD84FFE}.Debug|Any CPU.ActiveCfg = Debug|Any CPU
		{294FBB3F-82DE-44AE-855A-8C7AFDD84FFE}.Debug|Any CPU.Build.0 = Debug|Any CPU
		{294FBB3F-82DE-44AE-855A-8C7AFDD84FFE}.Release|Any CPU.ActiveCfg = Release|Any CPU
		{294FBB3F-82DE-44AE-855A-8C7AFDD84FFE}.Release|Any CPU.Build.0 = Release|Any CPU
		{8B5C7421-DCC6-49FF-BE6C-71F3F980F7F3}.Debug|Any CPU.ActiveCfg = Debug|Any CPU
		{8B5C7421-DCC6-49FF-BE6C-71F3F980F7F3}.Debug|Any CPU.Build.0 = Debug|Any CPU
		{8B5C7421-DCC6-49FF-BE6C-71F3F980F7F3}.Release|Any CPU.ActiveCfg = Release|Any CPU
		{8B5C7421-DCC6-49FF-BE6C-71F3F980F7F3}.Release|Any CPU.Build.0 = Release|Any CPU
		{65B207E7-3162-4310-95C3-832BAF25DE1C}.Debug|Any CPU.ActiveCfg = Debug|Any CPU
		{65B207E7-3162-4310-95C3-832BAF25DE1C}.Debug|Any CPU.Build.0 = Debug|Any CPU
		{65B207E7-3162-4310-95C3-832BAF25DE1C}.Release|Any CPU.ActiveCfg = Release|Any CPU
		{65B207E7-3162-4310-95C3-832BAF25DE1C}.Release|Any CPU.Build.0 = Release|Any CPU
		{255642AF-FFAB-4339-93F1-E4FD9D7C918D}.Debug|Any CPU.ActiveCfg = Debug|Any CPU
		{255642AF-FFAB-4339-93F1-E4FD9D7C918D}.Debug|Any CPU.Build.0 = Debug|Any CPU
		{255642AF-FFAB-4339-93F1-E4FD9D7C918D}.Release|Any CPU.ActiveCfg = Release|Any CPU
		{255642AF-FFAB-4339-93F1-E4FD9D7C918D}.Release|Any CPU.Build.0 = Release|Any CPU
		{745BD626-69A0-4A89-96BB-AA863E89A769}.Debug|Any CPU.ActiveCfg = Debug|Any CPU
		{745BD626-69A0-4A89-96BB-AA863E89A769}.Debug|Any CPU.Build.0 = Debug|Any CPU
		{745BD626-69A0-4A89-96BB-AA863E89A769}.Release|Any CPU.ActiveCfg = Release|Any CPU
		{745BD626-69A0-4A89-96BB-AA863E89A769}.Release|Any CPU.Build.0 = Release|Any CPU
	EndGlobalSection
	GlobalSection(SolutionProperties) = preSolution
		HideSolutionNode = FALSE
	EndGlobalSection
	GlobalSection(ExtensibilityGlobals) = postSolution
		SolutionGuid = {C7D735E1-D989-42AA-9A97-98E5266FAAC3}
	EndGlobalSection
EndGlobal
